{
  "object": {
    "pins": [
      {
        "package": "TinyNetworking",
        "repositoryURL": "https://github.com/objcio/tiny-networking",
        "state": {
          "branch": null,
          "revision": "7e898a21962428316c36fd40f9949e60b90a0e65",
          "version": "0.2.0"
        }
      },
      {
        "package": "URLImage",
        "repositoryURL": "https://github.com/dmytro-anokhin/url-image",
        "state": {
          "branch": null,
          "revision": "8b5831ff3b5ae459b8b2429375e0143e2c5ad1a7",
          "version": "0.5.1"
        }
      }
    ]
  },
  "version": 1
}
